// !$*UTF8*$!
{
	archiveVersion = 1;
	classes = {
	};
	objectVersion = 56;
	objects = {

/* Begin PBXBuildFile section */
		D014D5482BD9136500713BF0 /* AppDelegate.swift in Sources */ = {isa = PBXBuildFile; fileRef = D014D5472BD9136500713BF0 /* AppDelegate.swift */; };
		D014D54A2BD9136500713BF0 /* SceneDelegate.swift in Sources */ = {isa = PBXBuildFile; fileRef = D014D5492BD9136500713BF0 /* SceneDelegate.swift */; };
		D014D5512BD9136700713BF0 /* Assets.xcassets in Resources */ = {isa = PBXBuildFile; fileRef = D014D5502BD9136700713BF0 /* Assets.xcassets */; };
		D014D5542BD9136700713BF0 /* Base in Resources */ = {isa = PBXBuildFile; fileRef = D014D5532BD9136700713BF0 /* Base */; };
		D014D5782BD9944000713BF0 /* HomeController.swift in Sources */ = {isa = PBXBuildFile; fileRef = D014D5772BD9944000713BF0 /* HomeController.swift */; };
		D014D57A2BD994CD00713BF0 /* Constants.swift in Sources */ = {isa = PBXBuildFile; fileRef = D014D5792BD994CD00713BF0 /* Constants.swift */; };
		D014D57C2BD9964500713BF0 /* Country.swift in Sources */ = {isa = PBXBuildFile; fileRef = D014D57B2BD9964500713BF0 /* Country.swift */; };
		D014D57E2BD998D800713BF0 /* CountryCell.swift in Sources */ = {isa = PBXBuildFile; fileRef = D014D57D2BD998D800713BF0 /* CountryCell.swift */; };
		D014D5812BD9A2B400713BF0 /* DetailsController.swift in Sources */ = {isa = PBXBuildFile; fileRef = D014D5802BD9A2B400713BF0 /* DetailsController.swift */; };
		D02943752BDC284A008C1CD9 /* networkManager.swift in Sources */ = {isa = PBXBuildFile; fileRef = D02943742BDC284A008C1CD9 /* networkManager.swift */; };
		D0E99C0A2BDA3D2B0035835E /* ViewCountryViewModel.swift in Sources */ = {isa = PBXBuildFile; fileRef = D0E99C092BDA3D2B0035835E /* ViewCountryViewModel.swift */; };
/* End PBXBuildFile section */

/* Begin PBXFileReference section */
		D014D5442BD9136500713BF0 /* UIKITHomeWork9.app */ = {isa = PBXFileReference; explicitFileType = wrapper.application; includeInIndex = 0; path = UIKITHomeWork9.app; sourceTree = BUILT_PRODUCTS_DIR; };
		D014D5472BD9136500713BF0 /* AppDelegate.swift */ = {isa = PBXFileReference; lastKnownFileType = sourcecode.swift; path = AppDelegate.swift; sourceTree = "<group>"; };
		D014D5492BD9136500713BF0 /* SceneDelegate.swift */ = {isa = PBXFileReference; lastKnownFileType = sourcecode.swift; path = SceneDelegate.swift; sourceTree = "<group>"; };
		D014D5502BD9136700713BF0 /* Assets.xcassets */ = {isa = PBXFileReference; lastKnownFileType = folder.assetcatalog; path = Assets.xcassets; sourceTree = "<group>"; };
		D014D5532BD9136700713BF0 /* Base */ = {isa = PBXFileReference; lastKnownFileType = file.storyboard; name = Base; path = Base.lproj/LaunchScreen.storyboard; sourceTree = "<group>"; };
		D014D5552BD9136700713BF0 /* Info.plist */ = {isa = PBXFileReference; lastKnownFileType = text.plist.xml; path = Info.plist; sourceTree = "<group>"; };
		D014D5772BD9944000713BF0 /* HomeController.swift */ = {isa = PBXFileReference; lastKnownFileType = sourcecode.swift; path = HomeController.swift; sourceTree = "<group>"; };
		D014D5792BD994CD00713BF0 /* Constants.swift */ = {isa = PBXFileReference; lastKnownFileType = sourcecode.swift; path = Constants.swift; sourceTree = "<group>"; };
		D014D57B2BD9964500713BF0 /* Country.swift */ = {isa = PBXFileReference; lastKnownFileType = sourcecode.swift; path = Country.swift; sourceTree = "<group>"; };
		D014D57D2BD998D800713BF0 /* CountryCell.swift */ = {isa = PBXFileReference; lastKnownFileType = sourcecode.swift; path = CountryCell.swift; sourceTree = "<group>"; };
		D014D5802BD9A2B400713BF0 /* DetailsController.swift */ = {isa = PBXFileReference; lastKnownFileType = sourcecode.swift; path = DetailsController.swift; sourceTree = "<group>"; };
		D02943742BDC284A008C1CD9 /* networkManager.swift */ = {isa = PBXFileReference; lastKnownFileType = sourcecode.swift; path = networkManager.swift; sourceTree = "<group>"; };
		D0E99C092BDA3D2B0035835E /* ViewCountryViewModel.swift */ = {isa = PBXFileReference; lastKnownFileType = sourcecode.swift; path = ViewCountryViewModel.swift; sourceTree = "<group>"; };
/* End PBXFileReference section */

/* Begin PBXFrameworksBuildPhase section */
		D014D5412BD9136500713BF0 /* Frameworks */ = {
			isa = PBXFrameworksBuildPhase;
			buildActionMask = 2147483647;
			files = (
			);
			runOnlyForDeploymentPostprocessing = 0;
		};
/* End PBXFrameworksBuildPhase section */

/* Begin PBXGroup section */
		D014D53B2BD9136500713BF0 = {
			isa = PBXGroup;
			children = (
				D014D5462BD9136500713BF0 /* UIKITHomeWork9 */,
				D014D5452BD9136500713BF0 /* Products */,
			);
			sourceTree = "<group>";
		};
		D014D5452BD9136500713BF0 /* Products */ = {
			isa = PBXGroup;
			children = (
				D014D5442BD9136500713BF0 /* UIKITHomeWork9.app */,
			);
			name = Products;
			sourceTree = "<group>";
		};
		D014D5462BD9136500713BF0 /* UIKITHomeWork9 */ = {
			isa = PBXGroup;
			children = (
				D014D5762BD993FA00713BF0 /* API */,
				D014D5752BD993F600713BF0 /* Models */,
				D014D5742BD993F200713BF0 /* Views */,
				D014D5732BD993E800713BF0 /* ViewModels */,
				D014D5722BD993E200713BF0 /* Controllers */,
				D014D5702BD993C700713BF0 /* Supporting */,
			);
			path = UIKITHomeWork9;
			sourceTree = "<group>";
		};
		D014D5702BD993C700713BF0 /* Supporting */ = {
			isa = PBXGroup;
			children = (
				D014D5792BD994CD00713BF0 /* Constants.swift */,
				D014D5522BD9136700713BF0 /* LaunchScreen.storyboard */,
				D014D5502BD9136700713BF0 /* Assets.xcassets */,
				D014D5492BD9136500713BF0 /* SceneDelegate.swift */,
				D014D5472BD9136500713BF0 /* AppDelegate.swift */,
				D014D5552BD9136700713BF0 /* Info.plist */,
			);
			path = Supporting;
			sourceTree = "<group>";
		};
		D014D5722BD993E200713BF0 /* Controllers */ = {
			isa = PBXGroup;
			children = (
				D014D5772BD9944000713BF0 /* HomeController.swift */,
				D014D5802BD9A2B400713BF0 /* DetailsController.swift */,
			);
			path = Controllers;
			sourceTree = "<group>";
		};
		D014D5732BD993E800713BF0 /* ViewModels */ = {
			isa = PBXGroup;
			children = (
				D0E99C092BDA3D2B0035835E /* ViewCountryViewModel.swift */,
			);
			path = ViewModels;
			sourceTree = "<group>";
		};
		D014D5742BD993F200713BF0 /* Views */ = {
			isa = PBXGroup;
			children = (
				D014D57D2BD998D800713BF0 /* CountryCell.swift */,
			);
			path = Views;
			sourceTree = "<group>";
		};
		D014D5752BD993F600713BF0 /* Models */ = {
			isa = PBXGroup;
			children = (
				D014D57B2BD9964500713BF0 /* Country.swift */,
			);
			path = Models;
			sourceTree = "<group>";
		};
		D014D5762BD993FA00713BF0 /* API */ = {
			isa = PBXGroup;
			children = (
				D02943742BDC284A008C1CD9 /* networkManager.swift */,
			);
			path = API;
			sourceTree = "<group>";
		};
/* End PBXGroup section */

/* Begin PBXNativeTarget section */
		D014D5432BD9136500713BF0 /* UIKITHomeWork9 */ = {
			isa = PBXNativeTarget;
			buildConfigurationList = D014D5582BD9136700713BF0 /* Build configuration list for PBXNativeTarget "UIKITHomeWork9" */;
			buildPhases = (
				D014D5402BD9136500713BF0 /* Sources */,
				D014D5412BD9136500713BF0 /* Frameworks */,
				D014D5422BD9136500713BF0 /* Resources */,
			);
			buildRules = (
			);
			dependencies = (
			);
			name = UIKITHomeWork9;
			productName = UIKITHomeWork9;
			productReference = D014D5442BD9136500713BF0 /* UIKITHomeWork9.app */;
			productType = "com.apple.product-type.application";
		};
/* End PBXNativeTarget section */

/* Begin PBXProject section */
		D014D53C2BD9136500713BF0 /* Project object */ = {
			isa = PBXProject;
			attributes = {
				BuildIndependentTargetsInParallel = 1;
				LastSwiftUpdateCheck = 1530;
				LastUpgradeCheck = 1530;
				TargetAttributes = {
					D014D5432BD9136500713BF0 = {
						CreatedOnToolsVersion = 15.3;
					};
				};
			};
			buildConfigurationList = D014D53F2BD9136500713BF0 /* Build configuration list for PBXProject "UIKITHomeWork9" */;
			compatibilityVersion = "Xcode 14.0";
			developmentRegion = en;
			hasScannedForEncodings = 0;
			knownRegions = (
				en,
				Base,
			);
			mainGroup = D014D53B2BD9136500713BF0;
			productRefGroup = D014D5452BD9136500713BF0 /* Products */;
			projectDirPath = "";
			projectRoot = "";
			targets = (
				D014D5432BD9136500713BF0 /* UIKITHomeWork9 */,
			);
		};
/* End PBXProject section */

/* Begin PBXResourcesBuildPhase section */
		D014D5422BD9136500713BF0 /* Resources */ = {
			isa = PBXResourcesBuildPhase;
			buildActionMask = 2147483647;
			files = (
				D014D5512BD9136700713BF0 /* Assets.xcassets in Resources */,
				D014D5542BD9136700713BF0 /* Base in Resources */,
			);
			runOnlyForDeploymentPostprocessing = 0;
		};
/* End PBXResourcesBuildPhase section */

/* Begin PBXSourcesBuildPhase section */
		D014D5402BD9136500713BF0 /* Sources */ = {
			isa = PBXSourcesBuildPhase;
			buildActionMask = 2147483647;
			files = (
				D0E99C0A2BDA3D2B0035835E /* ViewCountryViewModel.swift in Sources */,
				D014D5812BD9A2B400713BF0 /* DetailsController.swift in Sources */,
				D02943752BDC284A008C1CD9 /* networkManager.swift in Sources */,
				D014D5782BD9944000713BF0 /* HomeController.swift in Sources */,
				D014D5482BD9136500713BF0 /* AppDelegate.swift in Sources */,
				D014D57E2BD998D800713BF0 /* CountryCell.swift in Sources */,
				D014D54A2BD9136500713BF0 /* SceneDelegate.swift in Sources */,
				D014D57C2BD9964500713BF0 /* Country.swift in Sources */,
				D014D57A2BD994CD00713BF0 /* Constants.swift in Sources */,
			);
			runOnlyForDeploymentPostprocessing = 0;
		};
/* End PBXSourcesBuildPhase section */

/* Begin PBXVariantGroup section */
		D014D5522BD9136700713BF0 /* LaunchScreen.storyboard */ = {
			isa = PBXVariantGroup;
			children = (
				D014D5532BD9136700713BF0 /* Base */,
			);
			name = LaunchScreen.storyboard;
			sourceTree = "<group>";
		};
/* End PBXVariantGroup section */

/* Begin XCBuildConfiguration section */
		D014D5562BD9136700713BF0 /* Debug */ = {
			isa = XCBuildConfiguration;
			buildSettings = {
				ALWAYS_SEARCH_USER_PATHS = NO;
				ASSETCATALOG_COMPILER_GENERATE_SWIFT_ASSET_SYMBOL_EXTENSIONS = YES;
				CLANG_ANALYZER_NONNULL = YES;
				CLANG_ANALYZER_NUMBER_OBJECT_CONVERSION = YES_AGGRESSIVE;
				CLANG_CXX_LANGUAGE_STANDARD = "gnu++20";
				CLANG_ENABLE_MODULES = YES;
				CLANG_ENABLE_OBJC_ARC = YES;
				CLANG_ENABLE_OBJC_WEAK = YES;
				CLANG_WARN_BLOCK_CAPTURE_AUTORELEASING = YES;
				CLANG_WARN_BOOL_CONVERSION = YES;
				CLANG_WARN_COMMA = YES;
				CLANG_WARN_CONSTANT_CONVERSION = YES;
				CLANG_WARN_DEPRECATED_OBJC_IMPLEMENTATIONS = YES;
				CLANG_WARN_DIRECT_OBJC_ISA_USAGE = YES_ERROR;
				CLANG_WARN_DOCUMENTATION_COMMENTS = YES;
				CLANG_WARN_EMPTY_BODY = YES;
				CLANG_WARN_ENUM_CONVERSION = YES;
				CLANG_WARN_INFINITE_RECURSION = YES;
				CLANG_WARN_INT_CONVERSION = YES;
				CLANG_WARN_NON_LITERAL_NULL_CONVERSION = YES;
				CLANG_WARN_OBJC_IMPLICIT_RETAIN_SELF = YES;
				CLANG_WARN_OBJC_LITERAL_CONVERSION = YES;
				CLANG_WARN_OBJC_ROOT_CLASS = YES_ERROR;
				CLANG_WARN_QUOTED_INCLUDE_IN_FRAMEWORK_HEADER = YES;
				CLANG_WARN_RANGE_LOOP_ANALYSIS = YES;
				CLANG_WARN_STRICT_PROTOTYPES = YES;
				CLANG_WARN_SUSPICIOUS_MOVE = YES;
				CLANG_WARN_UNGUARDED_AVAILABILITY = YES_AGGRESSIVE;
				CLANG_WARN_UNREACHABLE_CODE = YES;
				CLANG_WARN__DUPLICATE_METHOD_MATCH = YES;
				COPY_PHASE_STRIP = NO;
				DEBUG_INFORMATION_FORMAT = dwarf;
				ENABLE_STRICT_OBJC_MSGSEND = YES;
				ENABLE_TESTABILITY = YES;
				ENABLE_USER_SCRIPT_SANDBOXING = YES;
				GCC_C_LANGUAGE_STANDARD = gnu17;
				GCC_DYNAMIC_NO_PIC = NO;
				GCC_NO_COMMON_BLOCKS = YES;
				GCC_OPTIMIZATION_LEVEL = 0;
				GCC_PREPROCESSOR_DEFINITIONS = (
					"DEBUG=1",
					"$(inherited)",
				);
				GCC_WARN_64_TO_32_BIT_CONVERSION = YES;
				GCC_WARN_ABOUT_RETURN_TYPE = YES_ERROR;
				GCC_WARN_UNDECLARED_SELECTOR = YES;
				GCC_WARN_UNINITIALIZED_AUTOS = YES_AGGRESSIVE;
				GCC_WARN_UNUSED_FUNCTION = YES;
				GCC_WARN_UNUSED_VARIABLE = YES;
				IPHONEOS_DEPLOYMENT_TARGET = 17.4;
				LOCALIZATION_PREFERS_STRING_CATALOGS = YES;
				MTL_ENABLE_DEBUG_INFO = INCLUDE_SOURCE;
				MTL_FAST_MATH = YES;
				ONLY_ACTIVE_ARCH = YES;
				SDKROOT = iphoneos;
				SWIFT_ACTIVE_COMPILATION_CONDITIONS = "DEBUG $(inherited)";
				SWIFT_OPTIMIZATION_LEVEL = "-Onone";
			};
			name = Debug;
		};
		D014D5572BD9136700713BF0 /* Release */ = {
			isa = XCBuildConfiguration;
			buildSettings = {
				ALWAYS_SEARCH_USER_PATHS = NO;
				ASSETCATALOG_COMPILER_GENERATE_SWIFT_ASSET_SYMBOL_EXTENSIONS = YES;
				CLANG_ANALYZER_NONNULL = YES;
				CLANG_ANALYZER_NUMBER_OBJECT_CONVERSION = YES_AGGRESSIVE;
				CLANG_CXX_LANGUAGE_STANDARD = "gnu++20";
				CLANG_ENABLE_MODULES = YES;
				CLANG_ENABLE_OBJC_ARC = YES;
				CLANG_ENABLE_OBJC_WEAK = YES;
				CLANG_WARN_BLOCK_CAPTURE_AUTORELEASING = YES;
				CLANG_WARN_BOOL_CONVERSION = YES;
				CLANG_WARN_COMMA = YES;
				CLANG_WARN_CONSTANT_CONVERSION = YES;
				CLANG_WARN_DEPRECATED_OBJC_IMPLEMENTATIONS = YES;
				CLANG_WARN_DIRECT_OBJC_ISA_USAGE = YES_ERROR;
				CLANG_WARN_DOCUMENTATION_COMMENTS = YES;
				CLANG_WARN_EMPTY_BODY = YES;
				CLANG_WARN_ENUM_CONVERSION = YES;
				CLANG_WARN_INFINITE_RECURSION = YES;
				CLANG_WARN_INT_CONVERSION = YES;
				CLANG_WARN_NON_LITERAL_NULL_CONVERSION = YES;
				CLANG_WARN_OBJC_IMPLICIT_RETAIN_SELF = YES;
				CLANG_WARN_OBJC_LITERAL_CONVERSION = YES;
				CLANG_WARN_OBJC_ROOT_CLASS = YES_ERROR;
				CLANG_WARN_QUOTED_INCLUDE_IN_FRAMEWORK_HEADER = YES;
				CLANG_WARN_RANGE_LOOP_ANALYSIS = YES;
				CLANG_WARN_STRICT_PROTOTYPES = YES;
				CLANG_WARN_SUSPICIOUS_MOVE = YES;
				CLANG_WARN_UNGUARDED_AVAILABILITY = YES_AGGRESSIVE;
				CLANG_WARN_UNREACHABLE_CODE = YES;
				CLANG_WARN__DUPLICATE_METHOD_MATCH = YES;
				COPY_PHASE_STRIP = NO;
				DEBUG_INFORMATION_FORMAT = "dwarf-with-dsym";
				ENABLE_NS_ASSERTIONS = NO;
				ENABLE_STRICT_OBJC_MSGSEND = YES;
				ENABLE_USER_SCRIPT_SANDBOXING = YES;
				GCC_C_LANGUAGE_STANDARD = gnu17;
				GCC_NO_COMMON_BLOCKS = YES;
				GCC_WARN_64_TO_32_BIT_CONVERSION = YES;
				GCC_WARN_ABOUT_RETURN_TYPE = YES_ERROR;
				GCC_WARN_UNDECLARED_SELECTOR = YES;
				GCC_WARN_UNINITIALIZED_AUTOS = YES_AGGRESSIVE;
				GCC_WARN_UNUSED_FUNCTION = YES;
				GCC_WARN_UNUSED_VARIABLE = YES;
				IPHONEOS_DEPLOYMENT_TARGET = 17.4;
				LOCALIZATION_PREFERS_STRING_CATALOGS = YES;
				MTL_ENABLE_DEBUG_INFO = NO;
				MTL_FAST_MATH = YES;
				SDKROOT = iphoneos;
				SWIFT_COMPILATION_MODE = wholemodule;
				VALIDATE_PRODUCT = YES;
			};
			name = Release;
		};
		D014D5592BD9136700713BF0 /* Debug */ = {
			isa = XCBuildConfiguration;
			buildSettings = {
				ASSETCATALOG_COMPILER_APPICON_NAME = AppIcon;
				ASSETCATALOG_COMPILER_GLOBAL_ACCENT_COLOR_NAME = AccentColor;
				CODE_SIGN_STYLE = Automatic;
				CURRENT_PROJECT_VERSION = 1;
				DEVELOPMENT_TEAM = BUWU6XCAQ7;
				GENERATE_INFOPLIST_FILE = YES;
				INFOPLIST_FILE = UIKITHomeWork9/Supporting/Info.plist;
				INFOPLIST_KEY_UIApplicationSupportsIndirectInputEvents = YES;
				INFOPLIST_KEY_UILaunchStoryboardName = LaunchScreen;
				INFOPLIST_KEY_UISupportedInterfaceOrientations_iPad = "UIInterfaceOrientationPortrait UIInterfaceOrientationPortraitUpsideDown UIInterfaceOrientationLandscapeLeft UIInterfaceOrientationLandscapeRight";
				INFOPLIST_KEY_UISupportedInterfaceOrientations_iPhone = "UIInterfaceOrientationPortrait UIInterfaceOrientationLandscapeLeft UIInterfaceOrientationLandscapeRight";
				LD_RUNPATH_SEARCH_PATHS = (
					"$(inherited)",
					"@executable_path/Frameworks",
				);
				MARKETING_VERSION = 1.0;
				PRODUCT_BUNDLE_IDENTIFIER = ge.academy.UIKITHomeWork9;
				PRODUCT_NAME = "$(TARGET_NAME)";
				SWIFT_EMIT_LOC_STRINGS = YES;
				SWIFT_VERSION = 5.0;
				TARGETED_DEVICE_FAMILY = "1,2";
			};
			name = Debug;
		};
		D014D55A2BD9136700713BF0 /* Release */ = {
			isa = XCBuildConfiguration;
			buildSettings = {
				ASSETCATALOG_COMPILER_APPICON_NAME = AppIcon;
				ASSETCATALOG_COMPILER_GLOBAL_ACCENT_COLOR_NAME = AccentColor;
				CODE_SIGN_STYLE = Automatic;
				CURRENT_PROJECT_VERSION = 1;
				DEVELOPMENT_TEAM = BUWU6XCAQ7;
				GENERATE_INFOPLIST_FILE = YES;
				INFOPLIST_FILE = UIKITHomeWork9/Supporting/Info.plist;
				INFOPLIST_KEY_UIApplicationSupportsIndirectInputEvents = YES;
				INFOPLIST_KEY_UILaunchStoryboardName = LaunchScreen;
				INFOPLIST_KEY_UISupportedInterfaceOrientations_iPad = "UIInterfaceOrientationPortrait UIInterfaceOrientationPortraitUpsideDown UIInterfaceOrientationLandscapeLeft UIInterfaceOrientationLandscapeRight";
				INFOPLIST_KEY_UISupportedInterfaceOrientations_iPhone = "UIInterfaceOrientationPortrait UIInterfaceOrientationLandscapeLeft UIInterfaceOrientationLandscapeRight";
				LD_RUNPATH_SEARCH_PATHS = (
					"$(inherited)",
					"@executable_path/Frameworks",
				);
				MARKETING_VERSION = 1.0;
				PRODUCT_BUNDLE_IDENTIFIER = ge.academy.UIKITHomeWork9;
				PRODUCT_NAME = "$(TARGET_NAME)";
				SWIFT_EMIT_LOC_STRINGS = YES;
				SWIFT_VERSION = 5.0;
				TARGETED_DEVICE_FAMILY = "1,2";
			};
			name = Release;
		};
/* End XCBuildConfiguration section */

/* Begin XCConfigurationList section */
		D014D53F2BD9136500713BF0 /* Build configuration list for PBXProject "UIKITHomeWork9" */ = {
			isa = XCConfigurationList;
			buildConfigurations = (
				D014D5562BD9136700713BF0 /* Debug */,
				D014D5572BD9136700713BF0 /* Release */,
			);
			defaultConfigurationIsVisible = 0;
			defaultConfigurationName = Release;
		};
		D014D5582BD9136700713BF0 /* Build configuration list for PBXNativeTarget "UIKITHomeWork9" */ = {
			isa = XCConfigurationList;
			buildConfigurations = (
				D014D5592BD9136700713BF0 /* Debug */,
				D014D55A2BD9136700713BF0 /* Release */,
			);
			defaultConfigurationIsVisible = 0;
			defaultConfigurationName = Release;
		};
/* End XCConfigurationList section */
	};
	rootObject = D014D53C2BD9136500713BF0 /* Project object */;
}
